// !$*UTF8*$!
{
	archiveVersion = 1;
	classes = {
	};
	objectVersion = 55;
	objects = {

/* Begin PBXBuildFile section */
		55471FBF29D73A8A004E5505 /* MenuView.swift in Sources */ = {isa = PBXBuildFile; fileRef = 55471FBE29D73A8A004E5505 /* MenuView.swift */; };
		55471FC129D73AF0004E5505 /* MenuFestivalView.swift in Sources */ = {isa = PBXBuildFile; fileRef = 55471FC029D73AF0004E5505 /* MenuFestivalView.swift */; };
		55471FC329D73CA5004E5505 /* AdminView.swift in Sources */ = {isa = PBXBuildFile; fileRef = 55471FC229D73CA5004E5505 /* AdminView.swift */; };
		55471FC529D73D09004E5505 /* ProfilView.swift in Sources */ = {isa = PBXBuildFile; fileRef = 55471FC429D73D09004E5505 /* ProfilView.swift */; };
		55471FC929D74018004E5505 /* BenevoleListView.swift in Sources */ = {isa = PBXBuildFile; fileRef = 55471FC829D74018004E5505 /* BenevoleListView.swift */; };
		55471FCD29D7656F004E5505 /* BenevoleIntent.swift in Sources */ = {isa = PBXBuildFile; fileRef = 55471FCC29D7656F004E5505 /* BenevoleIntent.swift */; };
		55471FCF29D765A6004E5505 /* BenevoleViewModel.swift in Sources */ = {isa = PBXBuildFile; fileRef = 55471FCE29D765A6004E5505 /* BenevoleViewModel.swift */; };
		55471FD129D76676004E5505 /* BenevoleListViewModel.swift in Sources */ = {isa = PBXBuildFile; fileRef = 55471FD029D76676004E5505 /* BenevoleListViewModel.swift */; };
		55471FD329D766B7004E5505 /* BenevoleListIntent.swift in Sources */ = {isa = PBXBuildFile; fileRef = 55471FD229D766B7004E5505 /* BenevoleListIntent.swift */; };
		55471FD529D76707004E5505 /* BenevoleService.swift in Sources */ = {isa = PBXBuildFile; fileRef = 55471FD429D76707004E5505 /* BenevoleService.swift */; };
		5554BEC929CC576A00DDD620 /* ZoneListView.swift in Sources */ = {isa = PBXBuildFile; fileRef = 5554BEC829CC576A00DDD620 /* ZoneListView.swift */; };
		5554BECB29CC586400DDD620 /* ZoneListViewModel.swift in Sources */ = {isa = PBXBuildFile; fileRef = 5554BECA29CC586400DDD620 /* ZoneListViewModel.swift */; };
		5554BECD29CC587700DDD620 /* ZoneViewModel.swift in Sources */ = {isa = PBXBuildFile; fileRef = 5554BECC29CC587700DDD620 /* ZoneViewModel.swift */; };
		5554BECF29CC588500DDD620 /* ZoneView.swift in Sources */ = {isa = PBXBuildFile; fileRef = 5554BECE29CC588500DDD620 /* ZoneView.swift */; };
		5554BED129CC58A100DDD620 /* ZoneService.swift in Sources */ = {isa = PBXBuildFile; fileRef = 5554BED029CC58A100DDD620 /* ZoneService.swift */; };
		5554BED329CC69A300DDD620 /* AddZoneView.swift in Sources */ = {isa = PBXBuildFile; fileRef = 5554BED229CC69A300DDD620 /* AddZoneView.swift */; };
		5554BED529CC6CAA00DDD620 /* ZoneIntent.swift in Sources */ = {isa = PBXBuildFile; fileRef = 5554BED429CC6CAA00DDD620 /* ZoneIntent.swift */; };
		55879BA229D9B69F00BBD925 /* AddBenevoleView.swift in Sources */ = {isa = PBXBuildFile; fileRef = 55879BA129D9B69F00BBD925 /* AddBenevoleView.swift */; };
		6F0476AA29CB16FC0016916C /* AddFestivalView.swift in Sources */ = {isa = PBXBuildFile; fileRef = 6F0476A929CB16FC0016916C /* AddFestivalView.swift */; };
		6F0476AC29CB1CD50016916C /* ServiceError.swift in Sources */ = {isa = PBXBuildFile; fileRef = 6F0476AB29CB1CD50016916C /* ServiceError.swift */; };
		6F0476AE29CCDBBC0016916C /* JourService.swift in Sources */ = {isa = PBXBuildFile; fileRef = 6F0476AD29CCDBBB0016916C /* JourService.swift */; };
		6F0476B029CCE6F80016916C /* CreneauService.swift in Sources */ = {isa = PBXBuildFile; fileRef = 6F0476AF29CCE6F80016916C /* CreneauService.swift */; };
		6F07F7C929C9B03F00C588C5 /* FestivalView.swift in Sources */ = {isa = PBXBuildFile; fileRef = 6F07F7C829C9B03F00C588C5 /* FestivalView.swift */; };
		6F07F7CB29C9B78100C588C5 /* FestivalViewModel.swift in Sources */ = {isa = PBXBuildFile; fileRef = 6F07F7CA29C9B78100C588C5 /* FestivalViewModel.swift */; };
		6F07F7CE29C9E42D00C588C5 /* FestivalIntent.swift in Sources */ = {isa = PBXBuildFile; fileRef = 6F07F7CD29C9E42D00C588C5 /* FestivalIntent.swift */; };
		6F07F7D029CA4BE300C588C5 /* NavBackButton.swift in Sources */ = {isa = PBXBuildFile; fileRef = 6F07F7CF29CA4BE300C588C5 /* NavBackButton.swift */; };
		6F36F41829D9EFB400E8208A /* CustomButton.swift in Sources */ = {isa = PBXBuildFile; fileRef = 6F36F41729D9EFB400E8208A /* CustomButton.swift */; };
		6F41A5A729D85FBA0021FC80 /* JeuListView.swift in Sources */ = {isa = PBXBuildFile; fileRef = 6F41A5A629D85FBA0021FC80 /* JeuListView.swift */; };
		6F41A5A929D8615F0021FC80 /* JeuView.swift in Sources */ = {isa = PBXBuildFile; fileRef = 6F41A5A829D8615F0021FC80 /* JeuView.swift */; };
		6F41A5AB29D862200021FC80 /* JeuIntent.swift in Sources */ = {isa = PBXBuildFile; fileRef = 6F41A5AA29D862200021FC80 /* JeuIntent.swift */; };
		6F41A5AD29D862550021FC80 /* JeuListIntent.swift in Sources */ = {isa = PBXBuildFile; fileRef = 6F41A5AC29D862550021FC80 /* JeuListIntent.swift */; };
		6F41A5AF29D8630F0021FC80 /* JeuListViewModel.swift in Sources */ = {isa = PBXBuildFile; fileRef = 6F41A5AE29D8630F0021FC80 /* JeuListViewModel.swift */; };
		6F41A5B129D863A00021FC80 /* JeuViewModel.swift in Sources */ = {isa = PBXBuildFile; fileRef = 6F41A5B029D863A00021FC80 /* JeuViewModel.swift */; };
		6F41A5B329D865070021FC80 /* JeuService.swift in Sources */ = {isa = PBXBuildFile; fileRef = 6F41A5B229D865070021FC80 /* JeuService.swift */; };
		6F41A5B529D866630021FC80 /* AddJeuView.swift in Sources */ = {isa = PBXBuildFile; fileRef = 6F41A5B429D866630021FC80 /* AddJeuView.swift */; };
		6F41A5B729D96B5E0021FC80 /* CreneauBenevoleView.swift in Sources */ = {isa = PBXBuildFile; fileRef = 6F41A5B629D96B5E0021FC80 /* CreneauBenevoleView.swift */; };
		6F41A5B929D96BD40021FC80 /* CreneauBenevoleModelView.swift in Sources */ = {isa = PBXBuildFile; fileRef = 6F41A5B829D96BD40021FC80 /* CreneauBenevoleModelView.swift */; };
		6F41A5BB29D96D170021FC80 /* CreneauBenevoleIntent.swift in Sources */ = {isa = PBXBuildFile; fileRef = 6F41A5BA29D96D170021FC80 /* CreneauBenevoleIntent.swift */; };
		6F41A5BD29D9D5B90021FC80 /* CircleLoader.swift in Sources */ = {isa = PBXBuildFile; fileRef = 6F41A5BC29D9D5B90021FC80 /* CircleLoader.swift */; };
		6F7CE28B29C64B3F006BE2D3 /* Authentification.swift in Sources */ = {isa = PBXBuildFile; fileRef = 6F7CE28A29C64B3F006BE2D3 /* Authentification.swift */; };
		6F7CE28F29C64EAF006BE2D3 /* AuthViewModel.swift in Sources */ = {isa = PBXBuildFile; fileRef = 6F7CE28E29C64EAF006BE2D3 /* AuthViewModel.swift */; };
		6F7CE29129C749B3006BE2D3 /* JWTDecode.swift in Sources */ = {isa = PBXBuildFile; fileRef = 6F7CE29029C749B3006BE2D3 /* JWTDecode.swift */; };
		6F7CE29229C75397006BE2D3 /* HomeView.swift in Sources */ = {isa = PBXBuildFile; fileRef = 6F7CE28C29C64C61006BE2D3 /* HomeView.swift */; };
		6F7CE29429C75C70006BE2D3 /* FestivalListView.swift in Sources */ = {isa = PBXBuildFile; fileRef = 6F7CE29329C75C70006BE2D3 /* FestivalListView.swift */; };
		6F7CE29629C762F5006BE2D3 /* FestivalListViewModel.swift in Sources */ = {isa = PBXBuildFile; fileRef = 6F7CE29529C762F5006BE2D3 /* FestivalListViewModel.swift */; };
		6F7CE29829C7704D006BE2D3 /* Jour.swift in Sources */ = {isa = PBXBuildFile; fileRef = 6F7CE29729C7704D006BE2D3 /* Jour.swift */; };
		6F7D38C429C09658006B346A /* AuthView.swift in Sources */ = {isa = PBXBuildFile; fileRef = 6F7D38C329C09658006B346A /* AuthView.swift */; };
		6F85FD0429C07FB5009C01AF /* Velcker_Correia_Mateus_SwiftMobileApp.swift in Sources */ = {isa = PBXBuildFile; fileRef = 6F85FD0329C07FB5009C01AF /* Velcker_Correia_Mateus_SwiftMobileApp.swift */; };
		6F85FD0629C07FB5009C01AF /* ContentView.swift in Sources */ = {isa = PBXBuildFile; fileRef = 6F85FD0529C07FB5009C01AF /* ContentView.swift */; };
		6F85FD0829C07FB5009C01AF /* Assets.xcassets in Resources */ = {isa = PBXBuildFile; fileRef = 6F85FD0729C07FB5009C01AF /* Assets.xcassets */; };
		6F85FD0B29C07FB5009C01AF /* Preview Assets.xcassets in Resources */ = {isa = PBXBuildFile; fileRef = 6F85FD0A29C07FB5009C01AF /* Preview Assets.xcassets */; };
		6F9A335F29D1777000B044F5 /* AffectationListView.swift in Sources */ = {isa = PBXBuildFile; fileRef = 6F9A335E29D1777000B044F5 /* AffectationListView.swift */; };
		6F9A336129D178A600B044F5 /* AffectationService.swift in Sources */ = {isa = PBXBuildFile; fileRef = 6F9A336029D178A600B044F5 /* AffectationService.swift */; };
		6F9A336329D17E4B00B044F5 /* Affectation.swift in Sources */ = {isa = PBXBuildFile; fileRef = 6F9A336229D17E4B00B044F5 /* Affectation.swift */; };
		6F9A336529D2C1DF00B044F5 /* JourListView.swift in Sources */ = {isa = PBXBuildFile; fileRef = 6F9A336429D2C1DF00B044F5 /* JourListView.swift */; };
		6FA65AB529D7654200C481A9 /* CreneauDatePickerView.swift in Sources */ = {isa = PBXBuildFile; fileRef = 6FA65AB429D7654200C481A9 /* CreneauDatePickerView.swift */; };
		6FC765BE29C7754F008CD4BA /* Festival.swift in Sources */ = {isa = PBXBuildFile; fileRef = 6FC765BD29C7754F008CD4BA /* Festival.swift */; };
		6FC765C029C8FAD8008CD4BA /* FestivalService.swift in Sources */ = {isa = PBXBuildFile; fileRef = 6FC765BF29C8FAD8008CD4BA /* FestivalService.swift */; };
		6FD838F629D2C4660002953E /* JourListViewModel.swift in Sources */ = {isa = PBXBuildFile; fileRef = 6FD838F529D2C4660002953E /* JourListViewModel.swift */; };
		6FD838F829D2C4FA0002953E /* JourIntent.swift in Sources */ = {isa = PBXBuildFile; fileRef = 6FD838F729D2C4FA0002953E /* JourIntent.swift */; };
		6FD838FA29D2C77A0002953E /* JourViewModel.swift in Sources */ = {isa = PBXBuildFile; fileRef = 6FD838F929D2C77A0002953E /* JourViewModel.swift */; };
		6FD838FC29D2CE6C0002953E /* JourView.swift in Sources */ = {isa = PBXBuildFile; fileRef = 6FD838FB29D2CE6C0002953E /* JourView.swift */; };
		6FD838FE29D421F00002953E /* AddJourView.swift in Sources */ = {isa = PBXBuildFile; fileRef = 6FD838FD29D421F00002953E /* AddJourView.swift */; };
		6FD8390329D4BC1C0002953E /* FestivalListIntent.swift in Sources */ = {isa = PBXBuildFile; fileRef = 6FD8390229D4BC1C0002953E /* FestivalListIntent.swift */; };
		6FD8390529D4D07C0002953E /* AffectationListViewModel.swift in Sources */ = {isa = PBXBuildFile; fileRef = 6FD8390429D4D07C0002953E /* AffectationListViewModel.swift */; };
		6FD8390729D4D09A0002953E /* AffectationListIntent.swift in Sources */ = {isa = PBXBuildFile; fileRef = 6FD8390629D4D09A0002953E /* AffectationListIntent.swift */; };
		6FF8018D29D5CD0D00F1FAB1 /* ZoneListIntent.swift in Sources */ = {isa = PBXBuildFile; fileRef = 6FF8018C29D5CD0D00F1FAB1 /* ZoneListIntent.swift */; };
		6FF8018F29D61E8000F1FAB1 /* JourListIntent.swift in Sources */ = {isa = PBXBuildFile; fileRef = 6FF8018E29D61E8000F1FAB1 /* JourListIntent.swift */; };
		B706403129C083C8007ACF4D /* AuthService.swift in Sources */ = {isa = PBXBuildFile; fileRef = B706403029C083C8007ACF4D /* AuthService.swift */; };
		B706403529C084E3007ACF4D /* JSONHelper.swift in Sources */ = {isa = PBXBuildFile; fileRef = B706403429C084E3007ACF4D /* JSONHelper.swift */; };
		B706403829C085FA007ACF4D /* Zone.swift in Sources */ = {isa = PBXBuildFile; fileRef = B706403729C085FA007ACF4D /* Zone.swift */; };
		B706403A29C0887D007ACF4D /* Jeu.swift in Sources */ = {isa = PBXBuildFile; fileRef = B706403929C0887D007ACF4D /* Jeu.swift */; };
		B706403C29C088A0007ACF4D /* Benevole.swift in Sources */ = {isa = PBXBuildFile; fileRef = B706403B29C088A0007ACF4D /* Benevole.swift */; };
		B706403E29C08932007ACF4D /* Type.swift in Sources */ = {isa = PBXBuildFile; fileRef = B706403D29C08932007ACF4D /* Type.swift */; };
		B706404029C08F6E007ACF4D /* Creneau.swift in Sources */ = {isa = PBXBuildFile; fileRef = B706403F29C08F6E007ACF4D /* Creneau.swift */; };
/* End PBXBuildFile section */

/* Begin PBXFileReference section */
		55471FBE29D73A8A004E5505 /* MenuView.swift */ = {isa = PBXFileReference; indentWidth = 2; lastKnownFileType = sourcecode.swift; path = MenuView.swift; sourceTree = "<group>"; tabWidth = 2; };
		55471FC029D73AF0004E5505 /* MenuFestivalView.swift */ = {isa = PBXFileReference; indentWidth = 2; lastKnownFileType = sourcecode.swift; path = MenuFestivalView.swift; sourceTree = "<group>"; tabWidth = 2; };
		55471FC229D73CA5004E5505 /* AdminView.swift */ = {isa = PBXFileReference; lastKnownFileType = sourcecode.swift; path = AdminView.swift; sourceTree = "<group>"; };
		55471FC429D73D09004E5505 /* ProfilView.swift */ = {isa = PBXFileReference; lastKnownFileType = sourcecode.swift; path = ProfilView.swift; sourceTree = "<group>"; };
		55471FC829D74018004E5505 /* BenevoleListView.swift */ = {isa = PBXFileReference; indentWidth = 2; lastKnownFileType = sourcecode.swift; path = BenevoleListView.swift; sourceTree = "<group>"; tabWidth = 2; };
		55471FCC29D7656F004E5505 /* BenevoleIntent.swift */ = {isa = PBXFileReference; indentWidth = 2; lastKnownFileType = sourcecode.swift; path = BenevoleIntent.swift; sourceTree = "<group>"; tabWidth = 2; };
		55471FCE29D765A6004E5505 /* BenevoleViewModel.swift */ = {isa = PBXFileReference; lastKnownFileType = sourcecode.swift; path = BenevoleViewModel.swift; sourceTree = "<group>"; };
		55471FD029D76676004E5505 /* BenevoleListViewModel.swift */ = {isa = PBXFileReference; indentWidth = 2; lastKnownFileType = sourcecode.swift; path = BenevoleListViewModel.swift; sourceTree = "<group>"; tabWidth = 2; };
		55471FD229D766B7004E5505 /* BenevoleListIntent.swift */ = {isa = PBXFileReference; indentWidth = 2; lastKnownFileType = sourcecode.swift; path = BenevoleListIntent.swift; sourceTree = "<group>"; tabWidth = 2; };
		55471FD429D76707004E5505 /* BenevoleService.swift */ = {isa = PBXFileReference; indentWidth = 2; lastKnownFileType = sourcecode.swift; path = BenevoleService.swift; sourceTree = "<group>"; tabWidth = 2; };
		5554BEC829CC576A00DDD620 /* ZoneListView.swift */ = {isa = PBXFileReference; indentWidth = 2; lastKnownFileType = sourcecode.swift; path = ZoneListView.swift; sourceTree = "<group>"; tabWidth = 2; };
		5554BECA29CC586400DDD620 /* ZoneListViewModel.swift */ = {isa = PBXFileReference; indentWidth = 2; lastKnownFileType = sourcecode.swift; path = ZoneListViewModel.swift; sourceTree = "<group>"; tabWidth = 2; };
		5554BECC29CC587700DDD620 /* ZoneViewModel.swift */ = {isa = PBXFileReference; indentWidth = 2; lastKnownFileType = sourcecode.swift; path = ZoneViewModel.swift; sourceTree = "<group>"; tabWidth = 2; };
		5554BECE29CC588500DDD620 /* ZoneView.swift */ = {isa = PBXFileReference; indentWidth = 2; lastKnownFileType = sourcecode.swift; path = ZoneView.swift; sourceTree = "<group>"; tabWidth = 2; };
		5554BED029CC58A100DDD620 /* ZoneService.swift */ = {isa = PBXFileReference; indentWidth = 2; lastKnownFileType = sourcecode.swift; path = ZoneService.swift; sourceTree = "<group>"; tabWidth = 2; };
		5554BED229CC69A300DDD620 /* AddZoneView.swift */ = {isa = PBXFileReference; indentWidth = 2; lastKnownFileType = sourcecode.swift; path = AddZoneView.swift; sourceTree = "<group>"; tabWidth = 2; };
		5554BED429CC6CAA00DDD620 /* ZoneIntent.swift */ = {isa = PBXFileReference; indentWidth = 2; lastKnownFileType = sourcecode.swift; path = ZoneIntent.swift; sourceTree = "<group>"; tabWidth = 2; };
		55879BA129D9B69F00BBD925 /* AddBenevoleView.swift */ = {isa = PBXFileReference; lastKnownFileType = sourcecode.swift; path = AddBenevoleView.swift; sourceTree = "<group>"; };
		6F0476A929CB16FC0016916C /* AddFestivalView.swift */ = {isa = PBXFileReference; indentWidth = 2; lastKnownFileType = sourcecode.swift; path = AddFestivalView.swift; sourceTree = "<group>"; tabWidth = 2; };
		6F0476AB29CB1CD50016916C /* ServiceError.swift */ = {isa = PBXFileReference; indentWidth = 2; lastKnownFileType = sourcecode.swift; path = ServiceError.swift; sourceTree = "<group>"; tabWidth = 2; };
		6F0476AD29CCDBBB0016916C /* JourService.swift */ = {isa = PBXFileReference; indentWidth = 2; lastKnownFileType = sourcecode.swift; path = JourService.swift; sourceTree = "<group>"; tabWidth = 2; };
		6F0476AF29CCE6F80016916C /* CreneauService.swift */ = {isa = PBXFileReference; indentWidth = 2; lastKnownFileType = sourcecode.swift; path = CreneauService.swift; sourceTree = "<group>"; tabWidth = 2; };
		6F07F7C829C9B03F00C588C5 /* FestivalView.swift */ = {isa = PBXFileReference; indentWidth = 2; lastKnownFileType = sourcecode.swift; path = FestivalView.swift; sourceTree = "<group>"; tabWidth = 2; };
		6F07F7CA29C9B78100C588C5 /* FestivalViewModel.swift */ = {isa = PBXFileReference; indentWidth = 2; lastKnownFileType = sourcecode.swift; path = FestivalViewModel.swift; sourceTree = "<group>"; tabWidth = 2; };
		6F07F7CD29C9E42D00C588C5 /* FestivalIntent.swift */ = {isa = PBXFileReference; indentWidth = 2; lastKnownFileType = sourcecode.swift; path = FestivalIntent.swift; sourceTree = "<group>"; tabWidth = 2; };
		6F07F7CF29CA4BE300C588C5 /* NavBackButton.swift */ = {isa = PBXFileReference; indentWidth = 2; lastKnownFileType = sourcecode.swift; path = NavBackButton.swift; sourceTree = "<group>"; tabWidth = 2; };
		6F36F41729D9EFB400E8208A /* CustomButton.swift */ = {isa = PBXFileReference; indentWidth = 2; lastKnownFileType = sourcecode.swift; path = CustomButton.swift; sourceTree = "<group>"; tabWidth = 2; };
		6F41A5A629D85FBA0021FC80 /* JeuListView.swift */ = {isa = PBXFileReference; indentWidth = 2; lastKnownFileType = sourcecode.swift; path = JeuListView.swift; sourceTree = "<group>"; tabWidth = 2; };
		6F41A5A829D8615F0021FC80 /* JeuView.swift */ = {isa = PBXFileReference; indentWidth = 2; lastKnownFileType = sourcecode.swift; path = JeuView.swift; sourceTree = "<group>"; tabWidth = 2; };
		6F41A5AA29D862200021FC80 /* JeuIntent.swift */ = {isa = PBXFileReference; indentWidth = 2; lastKnownFileType = sourcecode.swift; path = JeuIntent.swift; sourceTree = "<group>"; tabWidth = 2; };
		6F41A5AC29D862550021FC80 /* JeuListIntent.swift */ = {isa = PBXFileReference; lastKnownFileType = sourcecode.swift; path = JeuListIntent.swift; sourceTree = "<group>"; };
		6F41A5AE29D8630F0021FC80 /* JeuListViewModel.swift */ = {isa = PBXFileReference; indentWidth = 2; lastKnownFileType = sourcecode.swift; path = JeuListViewModel.swift; sourceTree = "<group>"; tabWidth = 2; };
		6F41A5B029D863A00021FC80 /* JeuViewModel.swift */ = {isa = PBXFileReference; indentWidth = 2; lastKnownFileType = sourcecode.swift; path = JeuViewModel.swift; sourceTree = "<group>"; tabWidth = 2; };
		6F41A5B229D865070021FC80 /* JeuService.swift */ = {isa = PBXFileReference; indentWidth = 2; lastKnownFileType = sourcecode.swift; path = JeuService.swift; sourceTree = "<group>"; tabWidth = 2; };
		6F41A5B429D866630021FC80 /* AddJeuView.swift */ = {isa = PBXFileReference; indentWidth = 2; lastKnownFileType = sourcecode.swift; path = AddJeuView.swift; sourceTree = "<group>"; tabWidth = 2; };
		6F41A5B629D96B5E0021FC80 /* CreneauBenevoleView.swift */ = {isa = PBXFileReference; indentWidth = 2; lastKnownFileType = sourcecode.swift; path = CreneauBenevoleView.swift; sourceTree = "<group>"; tabWidth = 2; };
		6F41A5B829D96BD40021FC80 /* CreneauBenevoleModelView.swift */ = {isa = PBXFileReference; indentWidth = 2; lastKnownFileType = sourcecode.swift; path = CreneauBenevoleModelView.swift; sourceTree = "<group>"; tabWidth = 2; };
		6F41A5BA29D96D170021FC80 /* CreneauBenevoleIntent.swift */ = {isa = PBXFileReference; indentWidth = 2; lastKnownFileType = sourcecode.swift; path = CreneauBenevoleIntent.swift; sourceTree = "<group>"; tabWidth = 2; };
		6F41A5BC29D9D5B90021FC80 /* CircleLoader.swift */ = {isa = PBXFileReference; indentWidth = 2; lastKnownFileType = sourcecode.swift; path = CircleLoader.swift; sourceTree = "<group>"; tabWidth = 2; };
		6F7CE28A29C64B3F006BE2D3 /* Authentification.swift */ = {isa = PBXFileReference; indentWidth = 2; lastKnownFileType = sourcecode.swift; path = Authentification.swift; sourceTree = "<group>"; tabWidth = 2; usesTabs = 0; };
		6F7CE28C29C64C61006BE2D3 /* HomeView.swift */ = {isa = PBXFileReference; indentWidth = 2; lastKnownFileType = sourcecode.swift; path = HomeView.swift; sourceTree = "<group>"; tabWidth = 2; };
		6F7CE28E29C64EAF006BE2D3 /* AuthViewModel.swift */ = {isa = PBXFileReference; indentWidth = 2; lastKnownFileType = sourcecode.swift; path = AuthViewModel.swift; sourceTree = "<group>"; tabWidth = 2; };
		6F7CE29029C749B3006BE2D3 /* JWTDecode.swift */ = {isa = PBXFileReference; indentWidth = 2; lastKnownFileType = sourcecode.swift; path = JWTDecode.swift; sourceTree = "<group>"; tabWidth = 2; };
		6F7CE29329C75C70006BE2D3 /* FestivalListView.swift */ = {isa = PBXFileReference; indentWidth = 2; lastKnownFileType = sourcecode.swift; path = FestivalListView.swift; sourceTree = "<group>"; tabWidth = 2; };
		6F7CE29529C762F5006BE2D3 /* FestivalListViewModel.swift */ = {isa = PBXFileReference; indentWidth = 2; lastKnownFileType = sourcecode.swift; path = FestivalListViewModel.swift; sourceTree = "<group>"; tabWidth = 2; };
		6F7CE29729C7704D006BE2D3 /* Jour.swift */ = {isa = PBXFileReference; indentWidth = 2; lastKnownFileType = sourcecode.swift; path = Jour.swift; sourceTree = "<group>"; tabWidth = 2; };
		6F7D38C329C09658006B346A /* AuthView.swift */ = {isa = PBXFileReference; indentWidth = 2; lastKnownFileType = sourcecode.swift; path = AuthView.swift; sourceTree = "<group>"; tabWidth = 4; };
		6F85FD0029C07FB5009C01AF /* Velcker_Correia-Mateus_SwiftMobile.app */ = {isa = PBXFileReference; explicitFileType = wrapper.application; includeInIndex = 0; path = "Velcker_Correia-Mateus_SwiftMobile.app"; sourceTree = BUILT_PRODUCTS_DIR; };
		6F85FD0329C07FB5009C01AF /* Velcker_Correia_Mateus_SwiftMobileApp.swift */ = {isa = PBXFileReference; lastKnownFileType = sourcecode.swift; path = Velcker_Correia_Mateus_SwiftMobileApp.swift; sourceTree = "<group>"; };
		6F85FD0529C07FB5009C01AF /* ContentView.swift */ = {isa = PBXFileReference; indentWidth = 2; lastKnownFileType = sourcecode.swift; path = ContentView.swift; sourceTree = "<group>"; tabWidth = 2; };
		6F85FD0729C07FB5009C01AF /* Assets.xcassets */ = {isa = PBXFileReference; lastKnownFileType = folder.assetcatalog; path = Assets.xcassets; sourceTree = "<group>"; };
		6F85FD0A29C07FB5009C01AF /* Preview Assets.xcassets */ = {isa = PBXFileReference; lastKnownFileType = folder.assetcatalog; path = "Preview Assets.xcassets"; sourceTree = "<group>"; };
		6F9A335E29D1777000B044F5 /* AffectationListView.swift */ = {isa = PBXFileReference; indentWidth = 2; lastKnownFileType = sourcecode.swift; path = AffectationListView.swift; sourceTree = "<group>"; tabWidth = 2; };
		6F9A336029D178A600B044F5 /* AffectationService.swift */ = {isa = PBXFileReference; indentWidth = 2; lastKnownFileType = sourcecode.swift; path = AffectationService.swift; sourceTree = "<group>"; tabWidth = 2; };
		6F9A336229D17E4B00B044F5 /* Affectation.swift */ = {isa = PBXFileReference; indentWidth = 2; lastKnownFileType = sourcecode.swift; path = Affectation.swift; sourceTree = "<group>"; tabWidth = 2; };
		6F9A336429D2C1DF00B044F5 /* JourListView.swift */ = {isa = PBXFileReference; indentWidth = 2; lastKnownFileType = sourcecode.swift; path = JourListView.swift; sourceTree = "<group>"; tabWidth = 2; };
		6FA65AB429D7654200C481A9 /* CreneauDatePickerView.swift */ = {isa = PBXFileReference; indentWidth = 2; lastKnownFileType = sourcecode.swift; path = CreneauDatePickerView.swift; sourceTree = "<group>"; tabWidth = 2; };
		6FC765BD29C7754F008CD4BA /* Festival.swift */ = {isa = PBXFileReference; indentWidth = 2; lastKnownFileType = sourcecode.swift; path = Festival.swift; sourceTree = "<group>"; tabWidth = 2; };
		6FC765BF29C8FAD8008CD4BA /* FestivalService.swift */ = {isa = PBXFileReference; indentWidth = 2; lastKnownFileType = sourcecode.swift; path = FestivalService.swift; sourceTree = "<group>"; tabWidth = 2; };
		6FD838F529D2C4660002953E /* JourListViewModel.swift */ = {isa = PBXFileReference; indentWidth = 2; lastKnownFileType = sourcecode.swift; path = JourListViewModel.swift; sourceTree = "<group>"; tabWidth = 2; };
		6FD838F729D2C4FA0002953E /* JourIntent.swift */ = {isa = PBXFileReference; indentWidth = 2; lastKnownFileType = sourcecode.swift; path = JourIntent.swift; sourceTree = "<group>"; tabWidth = 2; };
		6FD838F929D2C77A0002953E /* JourViewModel.swift */ = {isa = PBXFileReference; indentWidth = 2; lastKnownFileType = sourcecode.swift; path = JourViewModel.swift; sourceTree = "<group>"; tabWidth = 2; };
		6FD838FB29D2CE6C0002953E /* JourView.swift */ = {isa = PBXFileReference; indentWidth = 2; lastKnownFileType = sourcecode.swift; path = JourView.swift; sourceTree = "<group>"; tabWidth = 2; };
		6FD838FD29D421F00002953E /* AddJourView.swift */ = {isa = PBXFileReference; indentWidth = 2; lastKnownFileType = sourcecode.swift; path = AddJourView.swift; sourceTree = "<group>"; tabWidth = 2; };
		6FD8390229D4BC1C0002953E /* FestivalListIntent.swift */ = {isa = PBXFileReference; indentWidth = 2; lastKnownFileType = sourcecode.swift; path = FestivalListIntent.swift; sourceTree = "<group>"; tabWidth = 2; };
		6FD8390429D4D07C0002953E /* AffectationListViewModel.swift */ = {isa = PBXFileReference; indentWidth = 2; lastKnownFileType = sourcecode.swift; path = AffectationListViewModel.swift; sourceTree = "<group>"; tabWidth = 2; };
		6FD8390629D4D09A0002953E /* AffectationListIntent.swift */ = {isa = PBXFileReference; indentWidth = 2; lastKnownFileType = sourcecode.swift; path = AffectationListIntent.swift; sourceTree = "<group>"; tabWidth = 2; };
		6FF8018C29D5CD0D00F1FAB1 /* ZoneListIntent.swift */ = {isa = PBXFileReference; indentWidth = 2; lastKnownFileType = sourcecode.swift; path = ZoneListIntent.swift; sourceTree = "<group>"; tabWidth = 2; };
		6FF8018E29D61E8000F1FAB1 /* JourListIntent.swift */ = {isa = PBXFileReference; indentWidth = 2; lastKnownFileType = sourcecode.swift; path = JourListIntent.swift; sourceTree = "<group>"; tabWidth = 2; };
		B706403029C083C8007ACF4D /* AuthService.swift */ = {isa = PBXFileReference; indentWidth = 2; lastKnownFileType = sourcecode.swift; path = AuthService.swift; sourceTree = "<group>"; tabWidth = 2; };
		B706403429C084E3007ACF4D /* JSONHelper.swift */ = {isa = PBXFileReference; indentWidth = 2; lastKnownFileType = sourcecode.swift; path = JSONHelper.swift; sourceTree = "<group>"; tabWidth = 2; };
		B706403729C085FA007ACF4D /* Zone.swift */ = {isa = PBXFileReference; indentWidth = 2; lastKnownFileType = sourcecode.swift; path = Zone.swift; sourceTree = "<group>"; tabWidth = 2; };
		B706403929C0887D007ACF4D /* Jeu.swift */ = {isa = PBXFileReference; indentWidth = 2; lastKnownFileType = sourcecode.swift; path = Jeu.swift; sourceTree = "<group>"; tabWidth = 2; };
		B706403B29C088A0007ACF4D /* Benevole.swift */ = {isa = PBXFileReference; indentWidth = 2; lastKnownFileType = sourcecode.swift; path = Benevole.swift; sourceTree = "<group>"; tabWidth = 2; };
		B706403D29C08932007ACF4D /* Type.swift */ = {isa = PBXFileReference; lastKnownFileType = sourcecode.swift; path = Type.swift; sourceTree = "<group>"; };
		B706403F29C08F6E007ACF4D /* Creneau.swift */ = {isa = PBXFileReference; indentWidth = 2; lastKnownFileType = sourcecode.swift; path = Creneau.swift; sourceTree = "<group>"; tabWidth = 2; };
/* End PBXFileReference section */

/* Begin PBXFrameworksBuildPhase section */
		6F85FCFD29C07FB5009C01AF /* Frameworks */ = {
			isa = PBXFrameworksBuildPhase;
			buildActionMask = 2147483647;
			files = (
			);
			runOnlyForDeploymentPostprocessing = 0;
		};
/* End PBXFrameworksBuildPhase section */

/* Begin PBXGroup section */
		6F07F7CC29C9E41F00C588C5 /* Intent */ = {
			isa = PBXGroup;
			children = (
				6F07F7CD29C9E42D00C588C5 /* FestivalIntent.swift */,
				5554BED429CC6CAA00DDD620 /* ZoneIntent.swift */,
				6FD838F729D2C4FA0002953E /* JourIntent.swift */,
				6FD8390229D4BC1C0002953E /* FestivalListIntent.swift */,
				6FD8390629D4D09A0002953E /* AffectationListIntent.swift */,
				6FF8018C29D5CD0D00F1FAB1 /* ZoneListIntent.swift */,
				6FF8018E29D61E8000F1FAB1 /* JourListIntent.swift */,
				55471FCC29D7656F004E5505 /* BenevoleIntent.swift */,
				55471FD229D766B7004E5505 /* BenevoleListIntent.swift */,
				6F41A5AA29D862200021FC80 /* JeuIntent.swift */,
				6F41A5AC29D862550021FC80 /* JeuListIntent.swift */,
				6F41A5BA29D96D170021FC80 /* CreneauBenevoleIntent.swift */,
			);
			path = Intent;
			sourceTree = "<group>";
		};
		6F36F41929D9EFD100E8208A /* Style */ = {
			isa = PBXGroup;
			children = (
				6F36F41729D9EFB400E8208A /* CustomButton.swift */,
			);
			path = Style;
			sourceTree = "<group>";
		};
		6F7CE28929C64B18006BE2D3 /* ViewModel */ = {
			isa = PBXGroup;
			children = (
				6F7CE28E29C64EAF006BE2D3 /* AuthViewModel.swift */,
				6F7CE29529C762F5006BE2D3 /* FestivalListViewModel.swift */,
				6F07F7CA29C9B78100C588C5 /* FestivalViewModel.swift */,
				5554BECA29CC586400DDD620 /* ZoneListViewModel.swift */,
				5554BECC29CC587700DDD620 /* ZoneViewModel.swift */,
				6FD838F529D2C4660002953E /* JourListViewModel.swift */,
				6FD838F929D2C77A0002953E /* JourViewModel.swift */,
				6FD8390429D4D07C0002953E /* AffectationListViewModel.swift */,
				55471FCE29D765A6004E5505 /* BenevoleViewModel.swift */,
				55471FD029D76676004E5505 /* BenevoleListViewModel.swift */,
				6F41A5AE29D8630F0021FC80 /* JeuListViewModel.swift */,
				6F41A5B029D863A00021FC80 /* JeuViewModel.swift */,
				6F41A5B829D96BD40021FC80 /* CreneauBenevoleModelView.swift */,
			);
			path = ViewModel;
			sourceTree = "<group>";
		};
		6F7D38C529C0966B006B346A /* View */ = {
			isa = PBXGroup;
			children = (
				6F7CE28C29C64C61006BE2D3 /* HomeView.swift */,
				6FA65AB429D7654200C481A9 /* CreneauDatePickerView.swift */,
				6F7D38C329C09658006B346A /* AuthView.swift */,
				6F7CE29329C75C70006BE2D3 /* FestivalListView.swift */,
				6F07F7C829C9B03F00C588C5 /* FestivalView.swift */,
				6F07F7CF29CA4BE300C588C5 /* NavBackButton.swift */,
				6F0476A929CB16FC0016916C /* AddFestivalView.swift */,
				5554BEC829CC576A00DDD620 /* ZoneListView.swift */,
				5554BECE29CC588500DDD620 /* ZoneView.swift */,
				5554BED229CC69A300DDD620 /* AddZoneView.swift */,
				6F9A335E29D1777000B044F5 /* AffectationListView.swift */,
				6F9A336429D2C1DF00B044F5 /* JourListView.swift */,
				6FD838FB29D2CE6C0002953E /* JourView.swift */,
				6FD838FD29D421F00002953E /* AddJourView.swift */,
				55471FBE29D73A8A004E5505 /* MenuView.swift */,
				55471FC029D73AF0004E5505 /* MenuFestivalView.swift */,
				55471FC829D74018004E5505 /* BenevoleListView.swift */,
				55471FC229D73CA5004E5505 /* AdminView.swift */,
				55471FC429D73D09004E5505 /* ProfilView.swift */,
				6F41A5A629D85FBA0021FC80 /* JeuListView.swift */,
				6F41A5A829D8615F0021FC80 /* JeuView.swift */,
				6F41A5B429D866630021FC80 /* AddJeuView.swift */,
				6F41A5B629D96B5E0021FC80 /* CreneauBenevoleView.swift */,
				55879BA129D9B69F00BBD925 /* AddBenevoleView.swift */,
			);
			path = View;
			sourceTree = "<group>";
		};
		6F85FCF729C07FB4009C01AF = {
			isa = PBXGroup;
			children = (
				6F85FD0229C07FB5009C01AF /* Velcker_Correia-Mateus_SwiftMobile */,
				6F85FD0129C07FB5009C01AF /* Products */,
			);
			sourceTree = "<group>";
		};
		6F85FD0129C07FB5009C01AF /* Products */ = {
			isa = PBXGroup;
			children = (
				6F85FD0029C07FB5009C01AF /* Velcker_Correia-Mateus_SwiftMobile.app */,
			);
			name = Products;
			sourceTree = "<group>";
		};
		6F85FD0229C07FB5009C01AF /* Velcker_Correia-Mateus_SwiftMobile */ = {
			isa = PBXGroup;
			children = (
				6F36F41929D9EFD100E8208A /* Style */,
				6F07F7CC29C9E41F00C588C5 /* Intent */,
				6F7CE28929C64B18006BE2D3 /* ViewModel */,
				6F7D38C529C0966B006B346A /* View */,
				B706403629C085C8007ACF4D /* Model */,
				B706403329C084CF007ACF4D /* Helper */,
				B706403229C083E8007ACF4D /* Service */,
				6F85FD0329C07FB5009C01AF /* Velcker_Correia_Mateus_SwiftMobileApp.swift */,
				6F85FD0529C07FB5009C01AF /* ContentView.swift */,
				6F85FD0729C07FB5009C01AF /* Assets.xcassets */,
				6F85FD0929C07FB5009C01AF /* Preview Content */,
			);
			path = "Velcker_Correia-Mateus_SwiftMobile";
			sourceTree = "<group>";
		};
		6F85FD0929C07FB5009C01AF /* Preview Content */ = {
			isa = PBXGroup;
			children = (
				6F85FD0A29C07FB5009C01AF /* Preview Assets.xcassets */,
			);
			path = "Preview Content";
			sourceTree = "<group>";
		};
		B706403229C083E8007ACF4D /* Service */ = {
			isa = PBXGroup;
			children = (
				B706403029C083C8007ACF4D /* AuthService.swift */,
				6F7CE28A29C64B3F006BE2D3 /* Authentification.swift */,
				6FC765BF29C8FAD8008CD4BA /* FestivalService.swift */,
				6F0476AB29CB1CD50016916C /* ServiceError.swift */,
				6F0476AD29CCDBBB0016916C /* JourService.swift */,
				6F0476AF29CCE6F80016916C /* CreneauService.swift */,
				5554BED029CC58A100DDD620 /* ZoneService.swift */,
				6F9A336029D178A600B044F5 /* AffectationService.swift */,
				55471FD429D76707004E5505 /* BenevoleService.swift */,
				6F41A5B229D865070021FC80 /* JeuService.swift */,
			);
			path = Service;
			sourceTree = "<group>";
		};
		B706403329C084CF007ACF4D /* Helper */ = {
			isa = PBXGroup;
			children = (
				B706403429C084E3007ACF4D /* JSONHelper.swift */,
				6F7CE29029C749B3006BE2D3 /* JWTDecode.swift */,
				6F41A5BC29D9D5B90021FC80 /* CircleLoader.swift */,
			);
			path = Helper;
			sourceTree = "<group>";
		};
		B706403629C085C8007ACF4D /* Model */ = {
			isa = PBXGroup;
			children = (
				B706403729C085FA007ACF4D /* Zone.swift */,
				B706403929C0887D007ACF4D /* Jeu.swift */,
				B706403B29C088A0007ACF4D /* Benevole.swift */,
				B706403D29C08932007ACF4D /* Type.swift */,
				B706403F29C08F6E007ACF4D /* Creneau.swift */,
				6F7CE29729C7704D006BE2D3 /* Jour.swift */,
				6FC765BD29C7754F008CD4BA /* Festival.swift */,
				6F9A336229D17E4B00B044F5 /* Affectation.swift */,
			);
			path = Model;
			sourceTree = "<group>";
		};
/* End PBXGroup section */

/* Begin PBXNativeTarget section */
		6F85FCFF29C07FB5009C01AF /* Velcker_Correia-Mateus_SwiftMobile */ = {
			isa = PBXNativeTarget;
			buildConfigurationList = 6F85FD0E29C07FB5009C01AF /* Build configuration list for PBXNativeTarget "Velcker_Correia-Mateus_SwiftMobile" */;
			buildPhases = (
				6F85FCFC29C07FB5009C01AF /* Sources */,
				6F85FCFD29C07FB5009C01AF /* Frameworks */,
				6F85FCFE29C07FB5009C01AF /* Resources */,
			);
			buildRules = (
			);
			dependencies = (
			);
			name = "Velcker_Correia-Mateus_SwiftMobile";
			productName = "Velcker_Correia-Mateus_SwiftMobile";
			productReference = 6F85FD0029C07FB5009C01AF /* Velcker_Correia-Mateus_SwiftMobile.app */;
			productType = "com.apple.product-type.application";
		};
/* End PBXNativeTarget section */

/* Begin PBXProject section */
		6F85FCF829C07FB4009C01AF /* Project object */ = {
			isa = PBXProject;
			attributes = {
				BuildIndependentTargetsInParallel = 1;
				LastSwiftUpdateCheck = 1310;
				LastUpgradeCheck = 1310;
				TargetAttributes = {
					6F85FCFF29C07FB5009C01AF = {
						CreatedOnToolsVersion = 13.1;
					};
				};
			};
			buildConfigurationList = 6F85FCFB29C07FB5009C01AF /* Build configuration list for PBXProject "Velcker_Correia-Mateus_SwiftMobile" */;
			compatibilityVersion = "Xcode 13.0";
			developmentRegion = en;
			hasScannedForEncodings = 0;
			knownRegions = (
				en,
				Base,
			);
			mainGroup = 6F85FCF729C07FB4009C01AF;
			productRefGroup = 6F85FD0129C07FB5009C01AF /* Products */;
			projectDirPath = "";
			projectRoot = "";
			targets = (
				6F85FCFF29C07FB5009C01AF /* Velcker_Correia-Mateus_SwiftMobile */,
			);
		};
/* End PBXProject section */

/* Begin PBXResourcesBuildPhase section */
		6F85FCFE29C07FB5009C01AF /* Resources */ = {
			isa = PBXResourcesBuildPhase;
			buildActionMask = 2147483647;
			files = (
				6F85FD0B29C07FB5009C01AF /* Preview Assets.xcassets in Resources */,
				6F85FD0829C07FB5009C01AF /* Assets.xcassets in Resources */,
			);
			runOnlyForDeploymentPostprocessing = 0;
		};
/* End PBXResourcesBuildPhase section */

/* Begin PBXSourcesBuildPhase section */
		6F85FCFC29C07FB5009C01AF /* Sources */ = {
			isa = PBXSourcesBuildPhase;
			buildActionMask = 2147483647;
			files = (
				B706403129C083C8007ACF4D /* AuthService.swift in Sources */,
				6F07F7D029CA4BE300C588C5 /* NavBackButton.swift in Sources */,
				6F41A5B729D96B5E0021FC80 /* CreneauBenevoleView.swift in Sources */,
				6F9A336529D2C1DF00B044F5 /* JourListView.swift in Sources */,
				6F41A5B529D866630021FC80 /* AddJeuView.swift in Sources */,
				6FD8390529D4D07C0002953E /* AffectationListViewModel.swift in Sources */,
				6F7CE29229C75397006BE2D3 /* HomeView.swift in Sources */,
				B706403529C084E3007ACF4D /* JSONHelper.swift in Sources */,
				B706403C29C088A0007ACF4D /* Benevole.swift in Sources */,
				6F41A5B329D865070021FC80 /* JeuService.swift in Sources */,
				55471FD529D76707004E5505 /* BenevoleService.swift in Sources */,
				55471FBF29D73A8A004E5505 /* MenuView.swift in Sources */,
				6F7CE29129C749B3006BE2D3 /* JWTDecode.swift in Sources */,
				5554BEC929CC576A00DDD620 /* ZoneListView.swift in Sources */,
				6F07F7CE29C9E42D00C588C5 /* FestivalIntent.swift in Sources */,
				B706404029C08F6E007ACF4D /* Creneau.swift in Sources */,
				B706403829C085FA007ACF4D /* Zone.swift in Sources */,
				5554BECB29CC586400DDD620 /* ZoneListViewModel.swift in Sources */,
				6F41A5AB29D862200021FC80 /* JeuIntent.swift in Sources */,
				55471FCD29D7656F004E5505 /* BenevoleIntent.swift in Sources */,
				6FF8018F29D61E8000F1FAB1 /* JourListIntent.swift in Sources */,
				6F7CE29429C75C70006BE2D3 /* FestivalListView.swift in Sources */,
				6FD838F829D2C4FA0002953E /* JourIntent.swift in Sources */,
				6F9A336129D178A600B044F5 /* AffectationService.swift in Sources */,
				55471FC529D73D09004E5505 /* ProfilView.swift in Sources */,
				6FD838FE29D421F00002953E /* AddJourView.swift in Sources */,
				6F0476AA29CB16FC0016916C /* AddFestivalView.swift in Sources */,
				6F41A5B129D863A00021FC80 /* JeuViewModel.swift in Sources */,
				6F85FD0629C07FB5009C01AF /* ContentView.swift in Sources */,
				6F7D38C429C09658006B346A /* AuthView.swift in Sources */,
				6F41A5BD29D9D5B90021FC80 /* CircleLoader.swift in Sources */,
				6F41A5B929D96BD40021FC80 /* CreneauBenevoleModelView.swift in Sources */,
				5554BED129CC58A100DDD620 /* ZoneService.swift in Sources */,
				55471FD129D76676004E5505 /* BenevoleListViewModel.swift in Sources */,
				B706403A29C0887D007ACF4D /* Jeu.swift in Sources */,
				55471FC929D74018004E5505 /* BenevoleListView.swift in Sources */,
				6FD8390729D4D09A0002953E /* AffectationListIntent.swift in Sources */,
				6F41A5AD29D862550021FC80 /* JeuListIntent.swift in Sources */,
				6F41A5A929D8615F0021FC80 /* JeuView.swift in Sources */,
				5554BED329CC69A300DDD620 /* AddZoneView.swift in Sources */,
				55471FCF29D765A6004E5505 /* BenevoleViewModel.swift in Sources */,
				6F85FD0429C07FB5009C01AF /* Velcker_Correia_Mateus_SwiftMobileApp.swift in Sources */,
				6F07F7CB29C9B78100C588C5 /* FestivalViewModel.swift in Sources */,
				6F7CE29829C7704D006BE2D3 /* Jour.swift in Sources */,
				55471FC129D73AF0004E5505 /* MenuFestivalView.swift in Sources */,
				6F41A5A729D85FBA0021FC80 /* JeuListView.swift in Sources */,
				6F9A335F29D1777000B044F5 /* AffectationListView.swift in Sources */,
				6F7CE29629C762F5006BE2D3 /* FestivalListViewModel.swift in Sources */,
				6F7CE28B29C64B3F006BE2D3 /* Authentification.swift in Sources */,
				6FA65AB529D7654200C481A9 /* CreneauDatePickerView.swift in Sources */,
				6FD838F629D2C4660002953E /* JourListViewModel.swift in Sources */,
				6F9A336329D17E4B00B044F5 /* Affectation.swift in Sources */,
				6F36F41829D9EFB400E8208A /* CustomButton.swift in Sources */,
				6F0476B029CCE6F80016916C /* CreneauService.swift in Sources */,
				6F7CE28F29C64EAF006BE2D3 /* AuthViewModel.swift in Sources */,
				55471FD329D766B7004E5505 /* BenevoleListIntent.swift in Sources */,
				5554BECF29CC588500DDD620 /* ZoneView.swift in Sources */,
				6F41A5BB29D96D170021FC80 /* CreneauBenevoleIntent.swift in Sources */,
				6FD838FA29D2C77A0002953E /* JourViewModel.swift in Sources */,
				6F41A5AF29D8630F0021FC80 /* JeuListViewModel.swift in Sources */,
				5554BED529CC6CAA00DDD620 /* ZoneIntent.swift in Sources */,
				6FD838FC29D2CE6C0002953E /* JourView.swift in Sources */,
				6F0476AE29CCDBBC0016916C /* JourService.swift in Sources */,
				5554BECD29CC587700DDD620 /* ZoneViewModel.swift in Sources */,
				6F0476AC29CB1CD50016916C /* ServiceError.swift in Sources */,
				6FD8390329D4BC1C0002953E /* FestivalListIntent.swift in Sources */,
				6FF8018D29D5CD0D00F1FAB1 /* ZoneListIntent.swift in Sources */,
				B706403E29C08932007ACF4D /* Type.swift in Sources */,
				55879BA229D9B69F00BBD925 /* AddBenevoleView.swift in Sources */,
				6FC765BE29C7754F008CD4BA /* Festival.swift in Sources */,
				6F07F7C929C9B03F00C588C5 /* FestivalView.swift in Sources */,
				6FC765C029C8FAD8008CD4BA /* FestivalService.swift in Sources */,
				55471FC329D73CA5004E5505 /* AdminView.swift in Sources */,
			);
			runOnlyForDeploymentPostprocessing = 0;
		};
/* End PBXSourcesBuildPhase section */

/* Begin XCBuildConfiguration section */
		6F85FD0C29C07FB5009C01AF /* Debug */ = {
			isa = XCBuildConfiguration;
			buildSettings = {
				ALWAYS_SEARCH_USER_PATHS = NO;
				CLANG_ANALYZER_NONNULL = YES;
				CLANG_ANALYZER_NUMBER_OBJECT_CONVERSION = YES_AGGRESSIVE;
				CLANG_CXX_LANGUAGE_STANDARD = "gnu++17";
				CLANG_CXX_LIBRARY = "libc++";
				CLANG_ENABLE_MODULES = YES;
				CLANG_ENABLE_OBJC_ARC = YES;
				CLANG_ENABLE_OBJC_WEAK = YES;
				CLANG_WARN_BLOCK_CAPTURE_AUTORELEASING = YES;
				CLANG_WARN_BOOL_CONVERSION = YES;
				CLANG_WARN_COMMA = YES;
				CLANG_WARN_CONSTANT_CONVERSION = YES;
				CLANG_WARN_DEPRECATED_OBJC_IMPLEMENTATIONS = YES;
				CLANG_WARN_DIRECT_OBJC_ISA_USAGE = YES_ERROR;
				CLANG_WARN_DOCUMENTATION_COMMENTS = YES;
				CLANG_WARN_EMPTY_BODY = YES;
				CLANG_WARN_ENUM_CONVERSION = YES;
				CLANG_WARN_INFINITE_RECURSION = YES;
				CLANG_WARN_INT_CONVERSION = YES;
				CLANG_WARN_NON_LITERAL_NULL_CONVERSION = YES;
				CLANG_WARN_OBJC_IMPLICIT_RETAIN_SELF = YES;
				CLANG_WARN_OBJC_LITERAL_CONVERSION = YES;
				CLANG_WARN_OBJC_ROOT_CLASS = YES_ERROR;
				CLANG_WARN_QUOTED_INCLUDE_IN_FRAMEWORK_HEADER = YES;
				CLANG_WARN_RANGE_LOOP_ANALYSIS = YES;
				CLANG_WARN_STRICT_PROTOTYPES = YES;
				CLANG_WARN_SUSPICIOUS_MOVE = YES;
				CLANG_WARN_UNGUARDED_AVAILABILITY = YES_AGGRESSIVE;
				CLANG_WARN_UNREACHABLE_CODE = YES;
				CLANG_WARN__DUPLICATE_METHOD_MATCH = YES;
				COPY_PHASE_STRIP = NO;
				DEBUG_INFORMATION_FORMAT = dwarf;
				ENABLE_STRICT_OBJC_MSGSEND = YES;
				ENABLE_TESTABILITY = YES;
				GCC_C_LANGUAGE_STANDARD = gnu11;
				GCC_DYNAMIC_NO_PIC = NO;
				GCC_NO_COMMON_BLOCKS = YES;
				GCC_OPTIMIZATION_LEVEL = 0;
				GCC_PREPROCESSOR_DEFINITIONS = (
					"DEBUG=1",
					"$(inherited)",
				);
				GCC_WARN_64_TO_32_BIT_CONVERSION = YES;
				GCC_WARN_ABOUT_RETURN_TYPE = YES_ERROR;
				GCC_WARN_UNDECLARED_SELECTOR = YES;
				GCC_WARN_UNINITIALIZED_AUTOS = YES_AGGRESSIVE;
				GCC_WARN_UNUSED_FUNCTION = YES;
				GCC_WARN_UNUSED_VARIABLE = YES;
				IPHONEOS_DEPLOYMENT_TARGET = 15.0;
				MTL_ENABLE_DEBUG_INFO = INCLUDE_SOURCE;
				MTL_FAST_MATH = YES;
				ONLY_ACTIVE_ARCH = YES;
				SDKROOT = iphoneos;
				SWIFT_ACTIVE_COMPILATION_CONDITIONS = DEBUG;
				SWIFT_OPTIMIZATION_LEVEL = "-Onone";
			};
			name = Debug;
		};
		6F85FD0D29C07FB5009C01AF /* Release */ = {
			isa = XCBuildConfiguration;
			buildSettings = {
				ALWAYS_SEARCH_USER_PATHS = NO;
				CLANG_ANALYZER_NONNULL = YES;
				CLANG_ANALYZER_NUMBER_OBJECT_CONVERSION = YES_AGGRESSIVE;
				CLANG_CXX_LANGUAGE_STANDARD = "gnu++17";
				CLANG_CXX_LIBRARY = "libc++";
				CLANG_ENABLE_MODULES = YES;
				CLANG_ENABLE_OBJC_ARC = YES;
				CLANG_ENABLE_OBJC_WEAK = YES;
				CLANG_WARN_BLOCK_CAPTURE_AUTORELEASING = YES;
				CLANG_WARN_BOOL_CONVERSION = YES;
				CLANG_WARN_COMMA = YES;
				CLANG_WARN_CONSTANT_CONVERSION = YES;
				CLANG_WARN_DEPRECATED_OBJC_IMPLEMENTATIONS = YES;
				CLANG_WARN_DIRECT_OBJC_ISA_USAGE = YES_ERROR;
				CLANG_WARN_DOCUMENTATION_COMMENTS = YES;
				CLANG_WARN_EMPTY_BODY = YES;
				CLANG_WARN_ENUM_CONVERSION = YES;
				CLANG_WARN_INFINITE_RECURSION = YES;
				CLANG_WARN_INT_CONVERSION = YES;
				CLANG_WARN_NON_LITERAL_NULL_CONVERSION = YES;
				CLANG_WARN_OBJC_IMPLICIT_RETAIN_SELF = YES;
				CLANG_WARN_OBJC_LITERAL_CONVERSION = YES;
				CLANG_WARN_OBJC_ROOT_CLASS = YES_ERROR;
				CLANG_WARN_QUOTED_INCLUDE_IN_FRAMEWORK_HEADER = YES;
				CLANG_WARN_RANGE_LOOP_ANALYSIS = YES;
				CLANG_WARN_STRICT_PROTOTYPES = YES;
				CLANG_WARN_SUSPICIOUS_MOVE = YES;
				CLANG_WARN_UNGUARDED_AVAILABILITY = YES_AGGRESSIVE;
				CLANG_WARN_UNREACHABLE_CODE = YES;
				CLANG_WARN__DUPLICATE_METHOD_MATCH = YES;
				COPY_PHASE_STRIP = NO;
				DEBUG_INFORMATION_FORMAT = "dwarf-with-dsym";
				ENABLE_NS_ASSERTIONS = NO;
				ENABLE_STRICT_OBJC_MSGSEND = YES;
				GCC_C_LANGUAGE_STANDARD = gnu11;
				GCC_NO_COMMON_BLOCKS = YES;
				GCC_WARN_64_TO_32_BIT_CONVERSION = YES;
				GCC_WARN_ABOUT_RETURN_TYPE = YES_ERROR;
				GCC_WARN_UNDECLARED_SELECTOR = YES;
				GCC_WARN_UNINITIALIZED_AUTOS = YES_AGGRESSIVE;
				GCC_WARN_UNUSED_FUNCTION = YES;
				GCC_WARN_UNUSED_VARIABLE = YES;
				IPHONEOS_DEPLOYMENT_TARGET = 15.0;
				MTL_ENABLE_DEBUG_INFO = NO;
				MTL_FAST_MATH = YES;
				SDKROOT = iphoneos;
				SWIFT_COMPILATION_MODE = wholemodule;
				SWIFT_OPTIMIZATION_LEVEL = "-O";
				VALIDATE_PRODUCT = YES;
			};
			name = Release;
		};
		6F85FD0F29C07FB5009C01AF /* Debug */ = {
			isa = XCBuildConfiguration;
			buildSettings = {
				ASSETCATALOG_COMPILER_APPICON_NAME = AppIcon;
				ASSETCATALOG_COMPILER_GLOBAL_ACCENT_COLOR_NAME = AccentColor;
				CODE_SIGN_STYLE = Automatic;
				CURRENT_PROJECT_VERSION = 1;
				DEVELOPMENT_ASSET_PATHS = "\"Velcker_Correia-Mateus_SwiftMobile/Preview Content\"";
				ENABLE_PREVIEWS = YES;
				GENERATE_INFOPLIST_FILE = YES;
				INFOPLIST_KEY_UIApplicationSceneManifest_Generation = YES;
				INFOPLIST_KEY_UIApplicationSupportsIndirectInputEvents = YES;
				INFOPLIST_KEY_UILaunchScreen_Generation = YES;
				INFOPLIST_KEY_UISupportedInterfaceOrientations_iPad = "UIInterfaceOrientationPortrait UIInterfaceOrientationPortraitUpsideDown UIInterfaceOrientationLandscapeLeft UIInterfaceOrientationLandscapeRight";
				INFOPLIST_KEY_UISupportedInterfaceOrientations_iPhone = "UIInterfaceOrientationPortrait UIInterfaceOrientationLandscapeLeft UIInterfaceOrientationLandscapeRight";
				LD_RUNPATH_SEARCH_PATHS = (
					"$(inherited)",
					"@executable_path/Frameworks",
				);
				MARKETING_VERSION = 1.0;
				PRODUCT_BUNDLE_IDENTIFIER = "Velcker-Correia-Mateus.Velcker-Correia-Mateus-SwiftMobile";
				PRODUCT_NAME = "$(TARGET_NAME)";
				SWIFT_EMIT_LOC_STRINGS = YES;
				SWIFT_VERSION = 5.0;
				TARGETED_DEVICE_FAMILY = "1,2";
			};
			name = Debug;
		};
		6F85FD1029C07FB5009C01AF /* Release */ = {
			isa = XCBuildConfiguration;
			buildSettings = {
				ASSETCATALOG_COMPILER_APPICON_NAME = AppIcon;
				ASSETCATALOG_COMPILER_GLOBAL_ACCENT_COLOR_NAME = AccentColor;
				CODE_SIGN_STYLE = Automatic;
				CURRENT_PROJECT_VERSION = 1;
				DEVELOPMENT_ASSET_PATHS = "\"Velcker_Correia-Mateus_SwiftMobile/Preview Content\"";
				ENABLE_PREVIEWS = YES;
				GENERATE_INFOPLIST_FILE = YES;
				INFOPLIST_KEY_UIApplicationSceneManifest_Generation = YES;
				INFOPLIST_KEY_UIApplicationSupportsIndirectInputEvents = YES;
				INFOPLIST_KEY_UILaunchScreen_Generation = YES;
				INFOPLIST_KEY_UISupportedInterfaceOrientations_iPad = "UIInterfaceOrientationPortrait UIInterfaceOrientationPortraitUpsideDown UIInterfaceOrientationLandscapeLeft UIInterfaceOrientationLandscapeRight";
				INFOPLIST_KEY_UISupportedInterfaceOrientations_iPhone = "UIInterfaceOrientationPortrait UIInterfaceOrientationLandscapeLeft UIInterfaceOrientationLandscapeRight";
				LD_RUNPATH_SEARCH_PATHS = (
					"$(inherited)",
					"@executable_path/Frameworks",
				);
				MARKETING_VERSION = 1.0;
				PRODUCT_BUNDLE_IDENTIFIER = "Velcker-Correia-Mateus.Velcker-Correia-Mateus-SwiftMobile";
				PRODUCT_NAME = "$(TARGET_NAME)";
				SWIFT_EMIT_LOC_STRINGS = YES;
				SWIFT_VERSION = 5.0;
				TARGETED_DEVICE_FAMILY = "1,2";
			};
			name = Release;
		};
/* End XCBuildConfiguration section */

/* Begin XCConfigurationList section */
		6F85FCFB29C07FB5009C01AF /* Build configuration list for PBXProject "Velcker_Correia-Mateus_SwiftMobile" */ = {
			isa = XCConfigurationList;
			buildConfigurations = (
				6F85FD0C29C07FB5009C01AF /* Debug */,
				6F85FD0D29C07FB5009C01AF /* Release */,
			);
			defaultConfigurationIsVisible = 0;
			defaultConfigurationName = Release;
		};
		6F85FD0E29C07FB5009C01AF /* Build configuration list for PBXNativeTarget "Velcker_Correia-Mateus_SwiftMobile" */ = {
			isa = XCConfigurationList;
			buildConfigurations = (
				6F85FD0F29C07FB5009C01AF /* Debug */,
				6F85FD1029C07FB5009C01AF /* Release */,
			);
			defaultConfigurationIsVisible = 0;
			defaultConfigurationName = Release;
		};
/* End XCConfigurationList section */
	};
	rootObject = 6F85FCF829C07FB4009C01AF /* Project object */;
}
